
Microsoft Visual Studio Solution File, Format Version 12.00
Project("{FAE04EC0-301F-11D3-BF4B-00C04F79EFBC}") = "BlogSite.Models", "BlogSite.Models\BlogSite.Models.csproj", "{79A2F1E8-6099-4B57-AFCC-8C227CE22961}"
EndProject
Project("{FAE04EC0-301F-11D3-BF4B-00C04F79EFBC}") = "BlogSite.DataAccess", "BlogSite.DataAccess\BlogSite.DataAccess.csproj", "{E309457A-F62F-44F8-84FC-923E189B07E9}"
EndProject
Project("{FAE04EC0-301F-11D3-BF4B-00C04F79EFBC}") = "BlogSite.Service", "BlogSite.Service\BlogSite.Service.csproj", "{23ED9E0F-3254-48B4-8F23-0E61A89B3571}"
EndProject
Project("{FAE04EC0-301F-11D3-BF4B-00C04F79EFBC}") = "blogSite.API", "blogSite.API\blogSite.API.csproj", "{2FCADDDD-B196-446B-8AC3-F4E4533EC61B}"
EndProject
Project("{FAE04EC0-301F-11D3-BF4B-00C04F79EFBC}") = "Core", "Core\Core.csproj", "{020702FA-C4A9-4ECD-8959-89201BAF8890}"
EndProject
Global
	GlobalSection(SolutionConfigurationPlatforms) = preSolution
		Debug|Any CPU = Debug|Any CPU
		Release|Any CPU = Release|Any CPU
	EndGlobalSection
	GlobalSection(ProjectConfigurationPlatforms) = postSolution
		{79A2F1E8-6099-4B57-AFCC-8C227CE22961}.Debug|Any CPU.ActiveCfg = Debug|Any CPU
		{79A2F1E8-6099-4B57-AFCC-8C227CE22961}.Debug|Any CPU.Build.0 = Debug|Any CPU
		{79A2F1E8-6099-4B57-AFCC-8C227CE22961}.Release|Any CPU.ActiveCfg = Release|Any CPU
		{79A2F1E8-6099-4B57-AFCC-8C227CE22961}.Release|Any CPU.Build.0 = Release|Any CPU
		{E309457A-F62F-44F8-84FC-923E189B07E9}.Debug|Any CPU.ActiveCfg = Debug|Any CPU
		{E309457A-F62F-44F8-84FC-923E189B07E9}.Debug|Any CPU.Build.0 = Debug|Any CPU
		{E309457A-F62F-44F8-84FC-923E189B07E9}.Release|Any CPU.ActiveCfg = Release|Any CPU
		{E309457A-F62F-44F8-84FC-923E189B07E9}.Release|Any CPU.Build.0 = Release|Any CPU
		{23ED9E0F-3254-48B4-8F23-0E61A89B3571}.Debug|Any CPU.ActiveCfg = Debug|Any CPU
		{23ED9E0F-3254-48B4-8F23-0E61A89B3571}.Debug|Any CPU.Build.0 = Debug|Any CPU
		{23ED9E0F-3254-48B4-8F23-0E61A89B3571}.Release|Any CPU.ActiveCfg = Release|Any CPU
		{23ED9E0F-3254-48B4-8F23-0E61A89B3571}.Release|Any CPU.Build.0 = Release|Any CPU
		{2FCADDDD-B196-446B-8AC3-F4E4533EC61B}.Debug|Any CPU.ActiveCfg = Debug|Any CPU
		{2FCADDDD-B196-446B-8AC3-F4E4533EC61B}.Debug|Any CPU.Build.0 = Debug|Any CPU
		{2FCADDDD-B196-446B-8AC3-F4E4533EC61B}.Release|Any CPU.ActiveCfg = Release|Any CPU
		{2FCADDDD-B196-446B-8AC3-F4E4533EC61B}.Release|Any CPU.Build.0 = Release|Any CPU
		{020702FA-C4A9-4ECD-8959-89201BAF8890}.Debug|Any CPU.ActiveCfg = Debug|Any CPU
		{020702FA-C4A9-4ECD-8959-89201BAF8890}.Debug|Any CPU.Build.0 = Debug|Any CPU
		{020702FA-C4A9-4ECD-8959-89201BAF8890}.Release|Any CPU.ActiveCfg = Release|Any CPU
		{020702FA-C4A9-4ECD-8959-89201BAF8890}.Release|Any CPU.Build.0 = Release|Any CPU
	EndGlobalSection
EndGlobal
